
Microsoft Visual Studio Solution File, Format Version 12.00
# Visual Studio Version 16
VisualStudioVersion = 16.0.28803.352
MinimumVisualStudioVersion = 10.0.40219.1
Project("{F184B08F-C81C-45F6-A57F-5ABD9991F28F}") = "IpChangerVB", "IpChangerVB\IpChangerVB.vbproj", "{F5A1BC28-9FB1-43E8-BE55-0DDD69E63532}"
EndProject
Global
	GlobalSection(SolutionConfigurationPlatforms) = preSolution
		Debug|Any CPU = Debug|Any CPU
		Release|Any CPU = Release|Any CPU
	EndGlobalSection
	GlobalSection(ProjectConfigurationPlatforms) = postSolution
		{F5A1BC28-9FB1-43E8-BE55-0DDD69E63532}.Debug|Any CPU.ActiveCfg = Debug|Any CPU
		{F5A1BC28-9FB1-43E8-BE55-0DDD69E63532}.Debug|Any CPU.Build.0 = Debug|Any CPU
		{F5A1BC28-9FB1-43E8-BE55-0DDD69E63532}.Release|Any CPU.ActiveCfg = Release|Any CPU
		{F5A1BC28-9FB1-43E8-BE55-0DDD69E63532}.Release|Any CPU.Build.0 = Release|Any CPU
	EndGlobalSection
	GlobalSection(SolutionProperties) = preSolution
		HideSolutionNode = FALSE
	EndGlobalSection
	GlobalSection(ExtensibilityGlobals) = postSolution
		SolutionGuid = {0FA9E9F9-6808-45EC-8E1E-06416B6243A4}
	EndGlobalSection
EndGlobal
